
Microsoft Visual Studio Solution File, Format Version 12.00
# Visual Studio Version 16
VisualStudioVersion = 16.0.29609.76
MinimumVisualStudioVersion = 10.0.40219.1
Project("{888888A0-9F3D-457C-B088-3A5042F75D52}") = "Application_Inscription", "Application_Inscription\Application_Inscription.pyproj", "{C9FB006D-C0B3-4154-9FDA-4899FE3C66D5}"
EndProject
Global
	GlobalSection(SolutionConfigurationPlatforms) = preSolution
		Debug|Any CPU = Debug|Any CPU
		Release|Any CPU = Release|Any CPU
	EndGlobalSection
	GlobalSection(ProjectConfigurationPlatforms) = postSolution
		{C9FB006D-C0B3-4154-9FDA-4899FE3C66D5}.Debug|Any CPU.ActiveCfg = Debug|Any CPU
		{C9FB006D-C0B3-4154-9FDA-4899FE3C66D5}.Release|Any CPU.ActiveCfg = Release|Any CPU
	EndGlobalSection
	GlobalSection(SolutionProperties) = preSolution
		HideSolutionNode = FALSE
	EndGlobalSection
	GlobalSection(ExtensibilityGlobals) = postSolution
		SolutionGuid = {C545CEDA-A1AB-4A0B-8483-378CA40FCBD9}
	EndGlobalSection
EndGlobal
